# This file was autogenerated by Stack.
# You should not edit this file by hand.
# For more information, please see the documentation at:
#   https://docs.haskellstack.org/en/stable/lock_files

packages:
- completed:
    hackage: parallel-io-0.3.3@sha256:d51f902591a4e5009785217e21b1a5650d3d80fb6dc52535eddf2270a2fdef55,3421
    pantry-tree:
      size: 706
      sha256: 96c87187aba959bab8d7463398604209505a9458261ee054cfc953fdbdd472fe
  original:
    hackage: parallel-io-0.3.3
- completed:
    hackage: string-random-0.1.4.1@sha256:d9d3910464e5e2f19b1877ee3a9d9ae9bb65f03b5b5e55be1273e98e9b1ba354,2172
    pantry-tree:
      size: 489
      sha256: da715ced06d6150e12264291a0f6df841c530ac171dc372d1a7a1070c460852f
  original:
    hackage: string-random-0.1.4.1
- completed:
    hackage: text-1.2.4.1@sha256:e12b468008b3c2bbc1f39bd2dcb75ba8f563c65aa5e54ee223b76463a845b6f1,7184
    pantry-tree:
      size: 7720
      sha256: b1fd81329340a9c6eea4e78313d36c6a333a5de6032ec1536ff6c70a4300b46c
  original:
    hackage: text-1.2.4.1
- completed:
    hackage: lens-5.1@sha256:2cd46b613b9fb37e6eb64c518fd41cfdf55b15bd217d8780163b5c75974920bf,15013
    pantry-tree:
      size: 8214
      sha256: a01b10a8b32e7aeb1e4fbb922761a3f9a8f28bb9d2270277b849984409aca067
  original:
    hackage: lens-5.1
snapshots:
- completed:
    size: 586120
    url: https://raw.githubusercontent.com/commercialhaskell/stackage-snapshots/master/lts/18/22.yaml
    sha256: f9970d6f25c63e3e4265aa8e9c69a047ba8919d1107e4996bdd7555b75aad0eb
  original:
    url: https://raw.githubusercontent.com/commercialhaskell/stackage-snapshots/master/lts/18/22.yaml
